{
  "version": 4,
  "terraform_version": "1.15.9",
  "serial": 1,
  "lineage": "4c9ed559-00cc-cd8f-a57d-ba62b2345afe",
  "outputs": {},
  "resources": [
    {
      "mode": "managed",
      "type": "local_file",
      "name": "hello",
      "provider": "provider[\"registry.terraform.io/hashicorp/local\"]",
      "instances": [
        {
          "schema_version": 0,
          "attributes": {
            "content": "My first Terraform resource!",
            "content_base64": null,
            "content_base64sha256": "fd5i5EIoLKrtAzbGs6AoIKowQniahilsrWK1vPL2WLI=",
            "content_base64sha512": "49TubIYQ5V1InQBwLnz8Ko2Qg3jwyXcG+wcsXE1G/7Os0ZvXgrVXodpXMCkOqzuy6o3gk8HgVZsq9w7pSzKAEg==",
            "content_md5": "8d30a7c17d484f7a15f73528e4b7788a",
            "content_sha1": "baef2f0266147436be5b7d4f1bf50f08c1a0283c",
            "content_sha256": "7dde62e442282caaed0336c6b3a02820aa3042789a86296cad62b5bcf2f658b2",
            "content_sha512": "e3d4ee6c8610e55d489d00702e7cfc2a8d908378f0c97706fb072c5c4d46ffb3acd19bd782b557a1da5730290eab3bb2ea8de093c1e0559b2af70ee94b328012",
            "directory_permission": "0777",
            "file_permission": "0744",
            "filename": "hello.txt",
            "id": "baef2f0266147436be5b7d4f1bf50f08c1a0283c",
            "sensitive_content": null,
            "source": null
          },
          "sensitive_attributes": [
            [
              {
                "type": "get_attr",
                "value": "sensitive_content"
              }
            ]
          ],
          "identity_schema_version": 0
        }
      ]
    }
  ],
  "check_results": null
}
